
Microsoft Visual Studio Solution File, Format Version 12.00
# Visual Studio Version 16
VisualStudioVersion = 16.0.30907.101
MinimumVisualStudioVersion = 10.0.40219.1
Project("{9A19103F-16F7-4668-BE54-9A1E7A4F7556}") = "SaveRedirection", "SaveRedirection\SaveRedirection.csproj", "{985178F5-FCEA-41A6-B168-F68C1BBF59B0}"
EndProject
Project("{FAE04EC0-301F-11D3-BF4B-00C04F79EFBC}") = "JunctionPoint", "JunctionPoint\JunctionPoint.csproj", "{6967B99F-8DE9-41B4-8264-2358AED574B3}"
EndProject
Global
	GlobalSection(SolutionConfigurationPlatforms) = preSolution
		Debug|Any CPU = Debug|Any CPU
		Release|Any CPU = Release|Any CPU
	EndGlobalSection
	GlobalSection(ProjectConfigurationPlatforms) = postSolution
		{985178F5-FCEA-41A6-B168-F68C1BBF59B0}.Debug|Any CPU.ActiveCfg = Debug|Any CPU
		{985178F5-FCEA-41A6-B168-F68C1BBF59B0}.Debug|Any CPU.Build.0 = Debug|Any CPU
		{985178F5-FCEA-41A6-B168-F68C1BBF59B0}.Release|Any CPU.ActiveCfg = Release|Any CPU
		{985178F5-FCEA-41A6-B168-F68C1BBF59B0}.Release|Any CPU.Build.0 = Release|Any CPU
		{6967B99F-8DE9-41B4-8264-2358AED574B3}.Debug|Any CPU.ActiveCfg = Debug|Any CPU
		{6967B99F-8DE9-41B4-8264-2358AED574B3}.Debug|Any CPU.Build.0 = Debug|Any CPU
		{6967B99F-8DE9-41B4-8264-2358AED574B3}.Release|Any CPU.ActiveCfg = Release|Any CPU
		{6967B99F-8DE9-41B4-8264-2358AED574B3}.Release|Any CPU.Build.0 = Release|Any CPU
	EndGlobalSection
	GlobalSection(SolutionProperties) = preSolution
		HideSolutionNode = FALSE
	EndGlobalSection
	GlobalSection(ExtensibilityGlobals) = postSolution
		SolutionGuid = {3BADBE61-0A22-47AB-8B46-4EA8DF6D37E6}
	EndGlobalSection
EndGlobal
